
Microsoft Visual Studio Solution File, Format Version 12.00
# Visual Studio Version 16
VisualStudioVersion = 16.0.30204.135
MinimumVisualStudioVersion = 10.0.40219.1
Project("{FAE04EC0-301F-11D3-BF4B-00C04F79EFBC}") = "PokerGame", "PokerGame.csproj", "{ECD47518-D977-40FA-87A6-072ED61364A0}"
EndProject
Global
	GlobalSection(SolutionConfigurationPlatforms) = preSolution
		Debug|Any CPU = Debug|Any CPU
		Release|Any CPU = Release|Any CPU
	EndGlobalSection
	GlobalSection(ProjectConfigurationPlatforms) = postSolution
		{ECD47518-D977-40FA-87A6-072ED61364A0}.Debug|Any CPU.ActiveCfg = Debug|Any CPU
		{ECD47518-D977-40FA-87A6-072ED61364A0}.Debug|Any CPU.Build.0 = Debug|Any CPU
		{ECD47518-D977-40FA-87A6-072ED61364A0}.Release|Any CPU.ActiveCfg = Release|Any CPU
		{ECD47518-D977-40FA-87A6-072ED61364A0}.Release|Any CPU.Build.0 = Release|Any CPU
	EndGlobalSection
	GlobalSection(SolutionProperties) = preSolution
		HideSolutionNode = FALSE
	EndGlobalSection
	GlobalSection(ExtensibilityGlobals) = postSolution
		SolutionGuid = {0C8176DC-38F9-43AA-918A-DD60327D3B48}
	EndGlobalSection
EndGlobal
